github.com/go-test/deep v1.0.1 h1:UQhStjbkDClarlmv0am7OXXO4/GaPdCGiUiMTvi28sg=
github.com/go-test/deep v1.0.1/go.mod h1:wGDj63lr65AM2AQyKZd/NYHGb0R+1RLqB8NKt3aSFNA=
github.com/qmuntal/gltf v0.25.0 h1:XtK3UkKvMC/43vW3BS3rLVyfUjOtNP2jcQJwaEiUWcI=
github.com/qmuntal/gltf v0.25.0/go.mod h1:YoXZOt0Nc0kIfSKOLZIRoV4FycdC+GzE+3JgiAGYoMs=
